<?xml version="1.0" encoding="utf-8"?>
<Project ToolsVersion="4.0" xmlns="http://schemas.microsoft.com/developer/msbuild/2003">
  <ItemGroup>
    <Filter Include="源文件">
      <UniqueIdentifier>{4FC737F1-C7A5-4376-A066-2A32D752A2FF}</UniqueIdentifier>
      <Extensions>cpp;c;cc;cxx;def;odl;idl;hpj;bat;asm;asmx</Extensions>
    </Filter>
    <Filter Include="资源文件">
      <UniqueIdentifier>{67DA6AB6-F800-4c08-8B7A-83BB121AAD01}</UniqueIdentifier>
      <Extensions>rc;ico;cur;bmp;dlg;rc2;rct;bin;rgs;gif;jpg;jpeg;jpe;resx;tiff;tif;png;wav;mfcribbon-ms</Extensions>
    </Filter>
    <Filter Include="include">
      <UniqueIdentifier>{76a34c7d-fe4a-440d-bd41-859b9b81e436}</UniqueIdentifier>
    </Filter>
    <Filter Include="jpeg">
      <UniqueIdentifier>{6c50d895-fe73-4d3e-bc91-0a3e74a48ae9}</UniqueIdentifier>
    </Filter>
    <Filter Include="zlib">
      <UniqueIdentifier>{c92ae947-dc4b-48e0-8394-c6fc929d5361}</UniqueIdentifier>
    </Filter>
    <Filter Include="include\core">
      <UniqueIdentifier>{a7b051db-557d-427e-8873-9f72bb43e1e2}</UniqueIdentifier>
    </Filter>
    <Filter Include="include\gui">
      <UniqueIdentifier>{768d750e-4df6-4ab3-9fe5-7e1e27015b2a}</UniqueIdentifier>
    </Filter>
    <Filter Include="include\io">
      <UniqueIdentifier>{346aff87-0dda-4e43-bcbb-17ab0c46f4c2}</UniqueIdentifier>
    </Filter>
    <Filter Include="include\scene">
      <UniqueIdentifier>{9872809b-483d-483b-bdad-004df45fe4fd}</UniqueIdentifier>
    </Filter>
    <Filter Include="include\video">
      <UniqueIdentifier>{b809b803-b28d-4557-9086-0e7d0fd4c2b6}</UniqueIdentifier>
    </Filter>
    <Filter Include="source">
      <UniqueIdentifier>{93995380-89BD-4b04-88EB-625FBE52EBFB}</UniqueIdentifier>
      <Extensions>h;hh;hpp;hxx;hm;inl;inc;xsd</Extensions>
    </Filter>
    <Filter Include="source\core">
      <UniqueIdentifier>{409187ed-b075-4b29-ba63-04e95a85354c}</UniqueIdentifier>
    </Filter>
    <Filter Include="source\gui">
      <UniqueIdentifier>{d2c85553-450c-4e6e-8c06-03771ba11640}</UniqueIdentifier>
    </Filter>
    <Filter Include="source\io">
      <UniqueIdentifier>{fb4d7142-ed60-45e4-bcdd-7f9152a909d0}</UniqueIdentifier>
    </Filter>
    <Filter Include="source\scene">
      <UniqueIdentifier>{b037f6fa-c23f-46c0-8231-0574c7ccc985}</UniqueIdentifier>
    </Filter>
    <Filter Include="source\video">
      <UniqueIdentifier>{12d11404-6739-4f21-ae1c-7a63da4883d6}</UniqueIdentifier>
    </Filter>
  </ItemGroup>
  <ItemGroup>
    <ClInclude Include="CIrrDeviceWin32.h">
      <Filter>source</Filter>
    </ClInclude>
    <ClInclude Include="OctTree.h">
      <Filter>source</Filter>
    </ClInclude>
    <ClInclude Include="os.h">
      <Filter>source</Filter>
    </ClInclude>
    <ClInclude Include="include\heapsort.h">
      <Filter>include</Filter>
    </ClInclude>
    <ClInclude Include="include\IEventReceiver.h">
      <Filter>include</Filter>
    </ClInclude>
    <ClInclude Include="include\Irrlicht.h">
      <Filter>include</Filter>
    </ClInclude>
    <ClInclude Include="include\IrrlichtDevice.h">
      <Filter>include</Filter>
    </ClInclude>
    <ClInclude Include="include\irrTypes.h">
      <Filter>include</Filter>
    </ClInclude>
    <ClInclude Include="include\IUnknown.h">
      <Filter>include</Filter>
    </ClInclude>
    <ClInclude Include="zlib\crc32.h">
      <Filter>zlib</Filter>
    </ClInclude>
    <ClInclude Include="zlib\deflate.h">
      <Filter>zlib</Filter>
    </ClInclude>
    <ClInclude Include="zlib\gzguts.h">
      <Filter>zlib</Filter>
    </ClInclude>
    <ClInclude Include="zlib\inffast.h">
      <Filter>zlib</Filter>
    </ClInclude>
    <ClInclude Include="zlib\inffixed.h">
      <Filter>zlib</Filter>
    </ClInclude>
    <ClInclude Include="zlib\inflate.h">
      <Filter>zlib</Filter>
    </ClInclude>
    <ClInclude Include="zlib\inftrees.h">
      <Filter>zlib</Filter>
    </ClInclude>
    <ClInclude Include="zlib\trees.h">
      <Filter>zlib</Filter>
    </ClInclude>
    <ClInclude Include="zlib\zconf.h">
      <Filter>zlib</Filter>
    </ClInclude>
    <ClInclude Include="zlib\zlib.h">
      <Filter>zlib</Filter>
    </ClInclude>
    <ClInclude Include="zlib\zutil.h">
      <Filter>zlib</Filter>
    </ClInclude>
    <ClInclude Include="include\vector3d.h">
      <Filter>include\core</Filter>
    </ClInclude>
    <ClInclude Include="include\SMeshBufferLightMap.h">
      <Filter>include\scene</Filter>
    </ClInclude>
    <ClInclude Include="include\vector2d.h">
      <Filter>include\core</Filter>
    </ClInclude>
    <ClInclude Include="include\SMeshBuffer.h">
      <Filter>include\scene</Filter>
    </ClInclude>
    <ClInclude Include="include\SMesh.h">
      <Filter>include\scene</Filter>
    </ClInclude>
    <ClInclude Include="include\SMaterial.h">
      <Filter>include\video</Filter>
    </ClInclude>
    <ClInclude Include="include\S3DVertex.h">
      <Filter>include\video</Filter>
    </ClInclude>
    <ClInclude Include="include\SLight.h">
      <Filter>include\video</Filter>
    </ClInclude>
    <ClInclude Include="include\list.h">
      <Filter>include\core</Filter>
    </ClInclude>
    <ClInclude Include="include\matrix4.h">
      <Filter>include\core</Filter>
    </ClInclude>
    <ClInclude Include="include\plane3d.h">
      <Filter>include\core</Filter>
    </ClInclude>
    <ClInclude Include="include\plane3dex.h">
      <Filter>include\core</Filter>
    </ClInclude>
    <ClInclude Include="include\position2d.h">
      <Filter>include\core</Filter>
    </ClInclude>
    <ClInclude Include="include\rect.h">
      <Filter>include\core</Filter>
    </ClInclude>
    <ClInclude Include="include\Keycodes.h">
      <Filter>include\core</Filter>
    </ClInclude>
    <ClInclude Include="include\line3d.h">
      <Filter>include\core</Filter>
    </ClInclude>
    <ClInclude Include="include\IVideoDriver.h">
      <Filter>include\video</Filter>
    </ClInclude>
    <ClInclude Include="include\ITexture.h">
      <Filter>include\video</Filter>
    </ClInclude>
    <ClInclude Include="include\ISceneNodeAnimator.h">
      <Filter>include\scene</Filter>
    </ClInclude>
    <ClInclude Include="include\ISceneManager.h">
      <Filter>include\scene</Filter>
    </ClInclude>
    <ClInclude Include="include\ISceneNode.h">
      <Filter>include\scene</Filter>
    </ClInclude>
    <ClInclude Include="include\irrstring.h">
      <Filter>include\core</Filter>
    </ClInclude>
    <ClInclude Include="include\irrmath.h">
      <Filter>include\core</Filter>
    </ClInclude>
    <ClInclude Include="include\IQ3LevelMesh.h">
      <Filter>include\scene</Filter>
    </ClInclude>
    <ClInclude Include="include\IGUIButton.h">
      <Filter>include\gui</Filter>
    </ClInclude>
    <ClInclude Include="include\IGUICheckbox.h">
      <Filter>include\gui</Filter>
    </ClInclude>
    <ClInclude Include="include\IGUIElement.h">
      <Filter>include\gui</Filter>
    </ClInclude>
    <ClInclude Include="include\IGUIEnvironment.h">
      <Filter>include\gui</Filter>
    </ClInclude>
    <ClInclude Include="include\IGUIFileOpenDialog.h">
      <Filter>include\gui</Filter>
    </ClInclude>
    <ClInclude Include="include\IGUIFont.h">
      <Filter>include\gui</Filter>
    </ClInclude>
    <ClInclude Include="include\IGUIImage.h">
      <Filter>include\gui</Filter>
    </ClInclude>
    <ClInclude Include="include\IGUIListBox.h">
      <Filter>include\gui</Filter>
    </ClInclude>
    <ClInclude Include="include\IGUIMeshViewer.h">
      <Filter>include\gui</Filter>
    </ClInclude>
    <ClInclude Include="include\IGUIScrollBar.h">
      <Filter>include\gui</Filter>
    </ClInclude>
    <ClInclude Include="include\IGUISkin.h">
      <Filter>include\gui</Filter>
    </ClInclude>
    <ClInclude Include="include\IGUIWindow.h">
      <Filter>include\gui</Filter>
    </ClInclude>
    <ClInclude Include="include\IMeshBuffer.h">
      <Filter>include\scene</Filter>
    </ClInclude>
    <ClInclude Include="include\IMesh.h">
      <Filter>include\scene</Filter>
    </ClInclude>
    <ClInclude Include="include\IFileList.h">
      <Filter>include\io</Filter>
    </ClInclude>
    <ClInclude Include="include\IReadFile.H">
      <Filter>include\io</Filter>
    </ClInclude>
    <ClInclude Include="include\IFileSystem.h">
      <Filter>include\io</Filter>
    </ClInclude>
    <ClInclude Include="include\ILightSceneNode.h">
      <Filter>include\scene</Filter>
    </ClInclude>
    <ClInclude Include="include\aabbox3d.h">
      <Filter>include\core</Filter>
    </ClInclude>
    <ClInclude Include="include\array.h">
      <Filter>include\core</Filter>
    </ClInclude>
    <ClInclude Include="include\Color.h">
      <Filter>include\video</Filter>
    </ClInclude>
    <ClInclude Include="include\ICameraSceneNode.h">
      <Filter>include\scene</Filter>
    </ClInclude>
    <ClInclude Include="include\IAnimatedMesh.h">
      <Filter>include\scene</Filter>
    </ClInclude>
    <ClInclude Include="include\IAnimatedMeshSceneNode.h">
      <Filter>include\scene</Filter>
    </ClInclude>
    <ClInclude Include="include\IBillboardSceneNode.h">
      <Filter>include\scene</Filter>
    </ClInclude>
    <ClInclude Include="include\IBspTreeSceneNode.h">
      <Filter>include\scene</Filter>
    </ClInclude>
    <ClInclude Include="include\EDriverTypes.h">
      <Filter>include\video</Filter>
    </ClInclude>
    <ClInclude Include="include\dimension2d.h">
      <Filter>include\core</Filter>
    </ClInclude>
    <ClInclude Include="BuildInFont.h">
      <Filter>source\gui</Filter>
    </ClInclude>
    <ClInclude Include="CCameraSceneNode.h">
      <Filter>source\scene</Filter>
    </ClInclude>
    <ClInclude Include="CAnimatedMeshMD2.h">
      <Filter>source\scene</Filter>
    </ClInclude>
    <ClInclude Include="CAnimatedMeshMS3D.h">
      <Filter>source\scene</Filter>
    </ClInclude>
    <ClInclude Include="CAnimatedMeshSceneNode.h">
      <Filter>source\scene</Filter>
    </ClInclude>
    <ClInclude Include="CBillboardSceneNode.h">
      <Filter>source\scene</Filter>
    </ClInclude>
    <ClInclude Include="CBspTree.h">
      <Filter>source\scene</Filter>
    </ClInclude>
    <ClInclude Include="CBspTreeSceneNode.h">
      <Filter>source\scene</Filter>
    </ClInclude>
    <ClInclude Include="CCameraMayaSceneNode.h">
      <Filter>source\scene</Filter>
    </ClInclude>
    <ClInclude Include="CFileList.h">
      <Filter>source\io</Filter>
    </ClInclude>
    <ClInclude Include="CFileSystem.h">
      <Filter>source\io</Filter>
    </ClInclude>
    <ClInclude Include="CDirectX8Texture.h">
      <Filter>source\video</Filter>
    </ClInclude>
    <ClInclude Include="CColorConverter.h">
      <Filter>source\video</Filter>
    </ClInclude>
    <ClInclude Include="CFPSCounter.h">
      <Filter>source\video</Filter>
    </ClInclude>
    <ClInclude Include="CGUIButton.h">
      <Filter>source\gui</Filter>
    </ClInclude>
    <ClInclude Include="CGUICheckbox.h">
      <Filter>source\gui</Filter>
    </ClInclude>
    <ClInclude Include="CGUIEnvironment.h">
      <Filter>source\gui</Filter>
    </ClInclude>
    <ClInclude Include="CGUIFileOpenDialog.h">
      <Filter>source\gui</Filter>
    </ClInclude>
    <ClInclude Include="CGUIFont.h">
      <Filter>source\gui</Filter>
    </ClInclude>
    <ClInclude Include="CGUIImage.H">
      <Filter>source\gui</Filter>
    </ClInclude>
    <ClInclude Include="CGUIListBox.h">
      <Filter>source\gui</Filter>
    </ClInclude>
    <ClInclude Include="CGUIMeshViewer.h">
      <Filter>source\gui</Filter>
    </ClInclude>
    <ClInclude Include="CGUIScrollBar.h">
      <Filter>source\gui</Filter>
    </ClInclude>
    <ClInclude Include="CGUISkin.h">
      <Filter>source\gui</Filter>
    </ClInclude>
    <ClInclude Include="CGUIStaticText.h">
      <Filter>source\gui</Filter>
    </ClInclude>
    <ClInclude Include="CGUIWindow.h">
      <Filter>source\gui</Filter>
    </ClInclude>
    <ClInclude Include="CLimitReadFile.h">
      <Filter>source\io</Filter>
    </ClInclude>
    <ClInclude Include="CMemoryReadFile.h">
      <Filter>source\io</Filter>
    </ClInclude>
    <ClInclude Include="COctTreeSceneNode.h">
      <Filter>source\scene</Filter>
    </ClInclude>
    <ClInclude Include="CLightSceneNode.h">
      <Filter>source\scene</Filter>
    </ClInclude>
    <ClInclude Include="CMeshSceneNode.h">
      <Filter>source\scene</Filter>
    </ClInclude>
    <ClInclude Include="COpenGLTexture.h">
      <Filter>source\video</Filter>
    </ClInclude>
    <ClInclude Include="CReadFile.h">
      <Filter>source\io</Filter>
    </ClInclude>
    <ClInclude Include="CSceneManager.h">
      <Filter>source\scene</Filter>
    </ClInclude>
    <ClInclude Include="CQ3LevelMesh.h">
      <Filter>source\scene</Filter>
    </ClInclude>
    <ClInclude Include="CSoftwareTexture.h">
      <Filter>source\video</Filter>
    </ClInclude>
    <ClInclude Include="CSurface.h">
      <Filter>source\video</Filter>
    </ClInclude>
    <ClInclude Include="CStaticMeshOBJ.h">
      <Filter>source\scene</Filter>
    </ClInclude>
    <ClInclude Include="CSceneNodeAnimatorFlyCircle.h">
      <Filter>source\scene</Filter>
    </ClInclude>
    <ClInclude Include="CSceneNodeAnimatorRotation.h">
      <Filter>source\scene</Filter>
    </ClInclude>
    <ClInclude Include="CSurfaceLoaderBmp.h">
      <Filter>source\video</Filter>
    </ClInclude>
    <ClInclude Include="CSurfaceLoaderJPG.h">
      <Filter>source\video</Filter>
    </ClInclude>
    <ClInclude Include="CSurfaceLoaderPSD.h">
      <Filter>source\video</Filter>
    </ClInclude>
    <ClInclude Include="CSurfaceLoaderTGA.h">
      <Filter>source\video</Filter>
    </ClInclude>
    <ClInclude Include="CTestSceneNode.h">
      <Filter>source\scene</Filter>
    </ClInclude>
    <ClInclude Include="CZipReader.h">
      <Filter>source\io</Filter>
    </ClInclude>
    <ClInclude Include="fast_atof.h">
      <Filter>source\core</Filter>
    </ClInclude>
    <ClInclude Include="GUIIcons.h">
      <Filter>source\gui</Filter>
    </ClInclude>
    <ClInclude Include="IZBuffer.h">
      <Filter>source\video</Filter>
    </ClInclude>
    <ClInclude Include="CTRTextureGouraud.h">
      <Filter>source\video</Filter>
    </ClInclude>
    <ClInclude Include="CVideoDirectX8.h">
      <Filter>source\video</Filter>
    </ClInclude>
    <ClInclude Include="CVideoNull.h">
      <Filter>source\video</Filter>
    </ClInclude>
    <ClInclude Include="CVideoOpenGL.h">
      <Filter>source\video</Filter>
    </ClInclude>
    <ClInclude Include="CVideoSoftware.h">
      <Filter>source\video</Filter>
    </ClInclude>
    <ClInclude Include="CZBuffer.h">
      <Filter>source\video</Filter>
    </ClInclude>
    <ClInclude Include="IK3DTriangleRenderer.h">
      <Filter>source\video</Filter>
    </ClInclude>
    <ClInclude Include="ISurface.h">
      <Filter>source\video</Filter>
    </ClInclude>
    <ClInclude Include="ISurfaceLoader.h">
      <Filter>source\video</Filter>
    </ClInclude>
    <ClInclude Include="ISurfacePresenter.h">
      <Filter>source\video</Filter>
    </ClInclude>
    <ClInclude Include="S2DVertex.h">
      <Filter>source\video</Filter>
    </ClInclude>
    <ClInclude Include="jpeglib\CDERROR.H">
      <Filter>jpeg</Filter>
    </ClInclude>
    <ClInclude Include="jpeglib\CDJPEG.H">
      <Filter>jpeg</Filter>
    </ClInclude>
    <ClInclude Include="jpeglib\JCHUFF.H">
      <Filter>jpeg</Filter>
    </ClInclude>
    <ClInclude Include="jpeglib\JCONFIG.H">
      <Filter>jpeg</Filter>
    </ClInclude>
    <ClInclude Include="jpeglib\JDCT.H">
      <Filter>jpeg</Filter>
    </ClInclude>
    <ClInclude Include="jpeglib\JDHUFF.H">
      <Filter>jpeg</Filter>
    </ClInclude>
    <ClInclude Include="jpeglib\JERROR.H">
      <Filter>jpeg</Filter>
    </ClInclude>
    <ClInclude Include="jpeglib\JINCLUDE.H">
      <Filter>jpeg</Filter>
    </ClInclude>
    <ClInclude Include="jpeglib\JMEMSYS.H">
      <Filter>jpeg</Filter>
    </ClInclude>
    <ClInclude Include="jpeglib\JMORECFG.H">
      <Filter>jpeg</Filter>
    </ClInclude>
    <ClInclude Include="jpeglib\JPEGINT.H">
      <Filter>jpeg</Filter>
    </ClInclude>
    <ClInclude Include="jpeglib\JPEGLIB.H">
      <Filter>jpeg</Filter>
    </ClInclude>
    <ClInclude Include="jpeglib\JVERSION.H">
      <Filter>jpeg</Filter>
    </ClInclude>
  </ItemGroup>
  <ItemGroup>
    <ClCompile Include="CIrrDeviceWin32.cpp">
      <Filter>源文件</Filter>
    </ClCompile>
    <ClCompile Include="Irrlicht.cpp">
      <Filter>源文件</Filter>
    </ClCompile>
    <ClCompile Include="zlib\adler32.c">
      <Filter>zlib</Filter>
    </ClCompile>
    <ClCompile Include="zlib\compress.c">
      <Filter>zlib</Filter>
    </ClCompile>
    <ClCompile Include="zlib\crc32.c">
      <Filter>zlib</Filter>
    </ClCompile>
    <ClCompile Include="zlib\deflate.c">
      <Filter>zlib</Filter>
    </ClCompile>
    <ClCompile Include="zlib\gzclose.c">
      <Filter>zlib</Filter>
    </ClCompile>
    <ClCompile Include="zlib\gzlib.c">
      <Filter>zlib</Filter>
    </ClCompile>
    <ClCompile Include="zlib\gzread.c">
      <Filter>zlib</Filter>
    </ClCompile>
    <ClCompile Include="zlib\gzwrite.c">
      <Filter>zlib</Filter>
    </ClCompile>
    <ClCompile Include="zlib\infback.c">
      <Filter>zlib</Filter>
    </ClCompile>
    <ClCompile Include="zlib\inffast.c">
      <Filter>zlib</Filter>
    </ClCompile>
    <ClCompile Include="zlib\inflate.c">
      <Filter>zlib</Filter>
    </ClCompile>
    <ClCompile Include="zlib\inftrees.c">
      <Filter>zlib</Filter>
    </ClCompile>
    <ClCompile Include="zlib\trees.c">
      <Filter>zlib</Filter>
    </ClCompile>
    <ClCompile Include="zlib\uncompr.c">
      <Filter>zlib</Filter>
    </ClCompile>
    <ClCompile Include="zlib\zutil.c">
      <Filter>zlib</Filter>
    </ClCompile>
    <ClCompile Include="CGUIWindow.cpp">
      <Filter>source\gui</Filter>
    </ClCompile>
    <ClCompile Include="CGUIButton.cpp">
      <Filter>source\gui</Filter>
    </ClCompile>
    <ClCompile Include="CGUICheckbox.cpp">
      <Filter>source\gui</Filter>
    </ClCompile>
    <ClCompile Include="CGUIEnvironment.cpp">
      <Filter>source\gui</Filter>
    </ClCompile>
    <ClCompile Include="CGUIFileOpenDialog.cpp">
      <Filter>source\gui</Filter>
    </ClCompile>
    <ClCompile Include="CGUIFont.cpp">
      <Filter>source\gui</Filter>
    </ClCompile>
    <ClCompile Include="CGUIImage.cpp">
      <Filter>source\gui</Filter>
    </ClCompile>
    <ClCompile Include="CGUIListBox.cpp">
      <Filter>source\gui</Filter>
    </ClCompile>
    <ClCompile Include="CGUIMeshViewer.cpp">
      <Filter>source\gui</Filter>
    </ClCompile>
    <ClCompile Include="CGUIScrollBar.cpp">
      <Filter>source\gui</Filter>
    </ClCompile>
    <ClCompile Include="CGUISkin.cpp">
      <Filter>source\gui</Filter>
    </ClCompile>
    <ClCompile Include="CGUIStaticText.cpp">
      <Filter>source\gui</Filter>
    </ClCompile>
    <ClCompile Include="CFileList.cpp">
      <Filter>source\io</Filter>
    </ClCompile>
    <ClCompile Include="CFileSystem.cpp">
      <Filter>source\io</Filter>
    </ClCompile>
    <ClCompile Include="CLimitReadFile.cpp">
      <Filter>source\io</Filter>
    </ClCompile>
    <ClCompile Include="CMemoryReadFile.cpp">
      <Filter>source\io</Filter>
    </ClCompile>
    <ClCompile Include="CReadFile.cpp">
      <Filter>source\io</Filter>
    </ClCompile>
    <ClCompile Include="CZipReader.cpp">
      <Filter>source\io</Filter>
    </ClCompile>
    <ClCompile Include="os.cpp">
      <Filter>source\io</Filter>
    </ClCompile>
    <ClCompile Include="CAnimatedMeshMD2.cpp">
      <Filter>source\scene</Filter>
    </ClCompile>
    <ClCompile Include="CAnimatedMeshMS3D.cpp">
      <Filter>source\scene</Filter>
    </ClCompile>
    <ClCompile Include="CAnimatedMeshSceneNode.cpp">
      <Filter>source\scene</Filter>
    </ClCompile>
    <ClCompile Include="CBillboardSceneNode.cpp">
      <Filter>source\scene</Filter>
    </ClCompile>
    <ClCompile Include="CBspTree.cpp">
      <Filter>source\scene</Filter>
    </ClCompile>
    <ClCompile Include="CBspTreeSceneNode.cpp">
      <Filter>source\scene</Filter>
    </ClCompile>
    <ClCompile Include="CCameraMayaSceneNode.cpp">
      <Filter>source\scene</Filter>
    </ClCompile>
    <ClCompile Include="CCameraSceneNode.cpp">
      <Filter>source\scene</Filter>
    </ClCompile>
    <ClCompile Include="CLightSceneNode.cpp">
      <Filter>source\scene</Filter>
    </ClCompile>
    <ClCompile Include="CMeshSceneNode.cpp">
      <Filter>source\scene</Filter>
    </ClCompile>
    <ClCompile Include="COctTreeSceneNode.cpp">
      <Filter>source\scene</Filter>
    </ClCompile>
    <ClCompile Include="CQ3LevelMesh.cpp">
      <Filter>source\scene</Filter>
    </ClCompile>
    <ClCompile Include="CSceneManager.cpp">
      <Filter>source\scene</Filter>
    </ClCompile>
    <ClCompile Include="CSceneNodeAnimatorFlyCircle.cpp">
      <Filter>source\scene</Filter>
    </ClCompile>
    <ClCompile Include="CSceneNodeAnimatorRotation.cpp">
      <Filter>source\scene</Filter>
    </ClCompile>
    <ClCompile Include="CStaticMeshOBJ.cpp">
      <Filter>source\scene</Filter>
    </ClCompile>
    <ClCompile Include="CTestSceneNode.cpp">
      <Filter>source\scene</Filter>
    </ClCompile>
    <ClCompile Include="CColorConverter.cpp">
      <Filter>source\video</Filter>
    </ClCompile>
    <ClCompile Include="CDirectX8Texture.cpp">
      <Filter>source\video</Filter>
    </ClCompile>
    <ClCompile Include="CFPSCounter.cpp">
      <Filter>source\video</Filter>
    </ClCompile>
    <ClCompile Include="COpenGLTexture.cpp">
      <Filter>source\video</Filter>
    </ClCompile>
    <ClCompile Include="CSoftwareTexture.cpp">
      <Filter>source\video</Filter>
    </ClCompile>
    <ClCompile Include="CSurface.cpp">
      <Filter>source\video</Filter>
    </ClCompile>
    <ClCompile Include="CSurfaceLoaderBmp.cpp">
      <Filter>source\video</Filter>
    </ClCompile>
    <ClCompile Include="CSurfaceLoaderJPG.cpp">
      <Filter>source\video</Filter>
    </ClCompile>
    <ClCompile Include="CSurfaceLoaderPSD.cpp">
      <Filter>source\video</Filter>
    </ClCompile>
    <ClCompile Include="CSurfaceLoaderTGA.cpp">
      <Filter>source\video</Filter>
    </ClCompile>
    <ClCompile Include="CTRFlat.cpp">
      <Filter>source\video</Filter>
    </ClCompile>
    <ClCompile Include="CTRFlatWire.cpp">
      <Filter>source\video</Filter>
    </ClCompile>
    <ClCompile Include="CTRGouraud.cpp">
      <Filter>source\video</Filter>
    </ClCompile>
    <ClCompile Include="CTRGouraudWire.cpp">
      <Filter>source\video</Filter>
    </ClCompile>
    <ClCompile Include="CTRTextureFlat.cpp">
      <Filter>source\video</Filter>
    </ClCompile>
    <ClCompile Include="CTRTextureFlatWire.cpp">
      <Filter>source\video</Filter>
    </ClCompile>
    <ClCompile Include="CTRTextureGouraud.cpp">
      <Filter>source\video</Filter>
    </ClCompile>
    <ClCompile Include="CTRTextureGouraudWire.cpp">
      <Filter>source\video</Filter>
    </ClCompile>
    <ClCompile Include="CVideoDirectX8.cpp">
      <Filter>source\video</Filter>
    </ClCompile>
    <ClCompile Include="CVideoNull.cpp">
      <Filter>source\video</Filter>
    </ClCompile>
    <ClCompile Include="CVideoOpenGL.cpp">
      <Filter>source\video</Filter>
    </ClCompile>
    <ClCompile Include="CVideoSoftware.cpp">
      <Filter>source\video</Filter>
    </ClCompile>
    <ClCompile Include="CZBuffer.cpp">
      <Filter>source\video</Filter>
    </ClCompile>
  </ItemGroup>
  <ItemGroup>
    <None Include="Irrlicht.dsp" />
    <None Include="ClassDiagram.cd" />
  </ItemGroup>
  <ItemGroup>
    <Text Include="source.txt" />
  </ItemGroup>
</Project>